
Microsoft Visual Studio Solution File, Format Version 12.00
# Visual Studio 14
VisualStudioVersion = 14.0.25115.1
MinimumVisualStudioVersion = 10.0.40219.1
Project("{FAE04EC0-301F-11D3-BF4B-00C04F79EFBC}") = "TestInsights", "src\TestInsights\TestInsights.csproj", "{8B3D87C0-08F2-43A7-8671-9F73E53CC2C4}"
EndProject
Project("{FAE04EC0-301F-11D3-BF4B-00C04F79EFBC}") = "TestInsights.Importer", "src\TestInsights.Importer\TestInsights.Importer.csproj", "{158CB2B2-0669-4814-8584-28DE1B92A3F0}"
EndProject
Project("{FAE04EC0-301F-11D3-BF4B-00C04F79EFBC}") = "TestInsights.Data", "src\TestInsights.Data\TestInsights.Data.csproj", "{7F5BF4C6-F477-49BC-AE2C-102CD725F855}"
EndProject
Project("{FAE04EC0-301F-11D3-BF4B-00C04F79EFBC}") = "TestInsights.Xunit", "src\TestInsights.Xunit\TestInsights.Xunit.csproj", "{53870BEE-0F53-4C08-BCE7-C5104BB80A85}"
EndProject
Project("{2150E333-8FDC-42A3-9474-1A3956D46DE8}") = "src", "src", "{19A5BDD6-68CA-4733-8B32-EE4B52C8EB54}"
EndProject
Project("{2150E333-8FDC-42A3-9474-1A3956D46DE8}") = "test", "test", "{D556EB6C-1C34-40C2-8745-65344F375CB3}"
EndProject
Project("{FAE04EC0-301F-11D3-BF4B-00C04F79EFBC}") = "Sample.Tests", "test\Sample.Tests\Sample.Tests.csproj", "{A16C275E-39A5-4217-8D72-2D22E1681799}"
EndProject
Project("{FAE04EC0-301F-11D3-BF4B-00C04F79EFBC}") = "TestInsights.Importer.Tests", "test\TestInsights.Importer.Tests\TestInsights.Importer.Tests.csproj", "{E9B6FFE3-99A3-4CBB-8B01-DF5902A8C29E}"
EndProject
Project("{FAE04EC0-301F-11D3-BF4B-00C04F79EFBC}") = "TestInsights.Xunit.Tests", "test\TestInsights.Xunit.Tests\TestInsights.Xunit.Tests.csproj", "{AF14945C-58F2-4F0E-8C33-75DCEBB3948E}"
EndProject
Global
	GlobalSection(SolutionConfigurationPlatforms) = preSolution
		Debug|AnyCPU = Debug|AnyCPU
		Release|AnyCPU = Release|AnyCPU
	EndGlobalSection
	GlobalSection(ProjectConfigurationPlatforms) = postSolution
		{8B3D87C0-08F2-43A7-8671-9F73E53CC2C4}.Debug|AnyCPU.ActiveCfg = Debug|Any CPU
		{8B3D87C0-08F2-43A7-8671-9F73E53CC2C4}.Debug|AnyCPU.Build.0 = Debug|Any CPU
		{8B3D87C0-08F2-43A7-8671-9F73E53CC2C4}.Release|AnyCPU.ActiveCfg = Release|Any CPU
		{8B3D87C0-08F2-43A7-8671-9F73E53CC2C4}.Release|AnyCPU.Build.0 = Release|Any CPU
		{158CB2B2-0669-4814-8584-28DE1B92A3F0}.Debug|AnyCPU.ActiveCfg = Debug|Any CPU
		{158CB2B2-0669-4814-8584-28DE1B92A3F0}.Debug|AnyCPU.Build.0 = Debug|Any CPU
		{158CB2B2-0669-4814-8584-28DE1B92A3F0}.Release|AnyCPU.ActiveCfg = Release|Any CPU
		{158CB2B2-0669-4814-8584-28DE1B92A3F0}.Release|AnyCPU.Build.0 = Release|Any CPU
		{7F5BF4C6-F477-49BC-AE2C-102CD725F855}.Debug|AnyCPU.ActiveCfg = Debug|Any CPU
		{7F5BF4C6-F477-49BC-AE2C-102CD725F855}.Debug|AnyCPU.Build.0 = Debug|Any CPU
		{7F5BF4C6-F477-49BC-AE2C-102CD725F855}.Release|AnyCPU.ActiveCfg = Release|Any CPU
		{7F5BF4C6-F477-49BC-AE2C-102CD725F855}.Release|AnyCPU.Build.0 = Release|Any CPU
		{53870BEE-0F53-4C08-BCE7-C5104BB80A85}.Debug|AnyCPU.ActiveCfg = Debug|Any CPU
		{53870BEE-0F53-4C08-BCE7-C5104BB80A85}.Debug|AnyCPU.Build.0 = Debug|Any CPU
		{53870BEE-0F53-4C08-BCE7-C5104BB80A85}.Release|AnyCPU.ActiveCfg = Release|Any CPU
		{53870BEE-0F53-4C08-BCE7-C5104BB80A85}.Release|AnyCPU.Build.0 = Release|Any CPU
		{A16C275E-39A5-4217-8D72-2D22E1681799}.Debug|AnyCPU.ActiveCfg = Debug|Any CPU
		{A16C275E-39A5-4217-8D72-2D22E1681799}.Debug|AnyCPU.Build.0 = Debug|Any CPU
		{A16C275E-39A5-4217-8D72-2D22E1681799}.Release|AnyCPU.ActiveCfg = Release|Any CPU
		{A16C275E-39A5-4217-8D72-2D22E1681799}.Release|AnyCPU.Build.0 = Release|Any CPU
		{E9B6FFE3-99A3-4CBB-8B01-DF5902A8C29E}.Debug|AnyCPU.ActiveCfg = Debug|Any CPU
		{E9B6FFE3-99A3-4CBB-8B01-DF5902A8C29E}.Debug|AnyCPU.Build.0 = Debug|Any CPU
		{E9B6FFE3-99A3-4CBB-8B01-DF5902A8C29E}.Release|AnyCPU.ActiveCfg = Release|Any CPU
		{E9B6FFE3-99A3-4CBB-8B01-DF5902A8C29E}.Release|AnyCPU.Build.0 = Release|Any CPU
		{AF14945C-58F2-4F0E-8C33-75DCEBB3948E}.Debug|AnyCPU.ActiveCfg = Debug|Any CPU
		{AF14945C-58F2-4F0E-8C33-75DCEBB3948E}.Debug|AnyCPU.Build.0 = Debug|Any CPU
		{AF14945C-58F2-4F0E-8C33-75DCEBB3948E}.Release|AnyCPU.ActiveCfg = Release|Any CPU
		{AF14945C-58F2-4F0E-8C33-75DCEBB3948E}.Release|AnyCPU.Build.0 = Release|Any CPU
	EndGlobalSection
	GlobalSection(SolutionProperties) = preSolution
		HideSolutionNode = FALSE
	EndGlobalSection
	GlobalSection(NestedProjects) = preSolution
		{8B3D87C0-08F2-43A7-8671-9F73E53CC2C4} = {19A5BDD6-68CA-4733-8B32-EE4B52C8EB54}
		{158CB2B2-0669-4814-8584-28DE1B92A3F0} = {19A5BDD6-68CA-4733-8B32-EE4B52C8EB54}
		{7F5BF4C6-F477-49BC-AE2C-102CD725F855} = {19A5BDD6-68CA-4733-8B32-EE4B52C8EB54}
		{53870BEE-0F53-4C08-BCE7-C5104BB80A85} = {19A5BDD6-68CA-4733-8B32-EE4B52C8EB54}
		{A16C275E-39A5-4217-8D72-2D22E1681799} = {D556EB6C-1C34-40C2-8745-65344F375CB3}
		{E9B6FFE3-99A3-4CBB-8B01-DF5902A8C29E} = {D556EB6C-1C34-40C2-8745-65344F375CB3}
		{AF14945C-58F2-4F0E-8C33-75DCEBB3948E} = {D556EB6C-1C34-40C2-8745-65344F375CB3}
	EndGlobalSection
EndGlobal
